
Microsoft Visual Studio Solution File, Format Version 12.00
# Visual Studio Version 16
VisualStudioVersion = 16.0.31025.194
MinimumVisualStudioVersion = 10.0.40219.1
Project("{9A19103F-16F7-4668-BE54-9A1E7A4F7556}") = "MoneyManager.Api", "MoneyManager.API\MoneyManager.Api.csproj", "{7704D89E-BDD5-46BE-B9F7-694331207ABC}"
EndProject
Project("{9A19103F-16F7-4668-BE54-9A1E7A4F7556}") = "MoneyManager.Api.Core", "MoneyManager.Api.Core\MoneyManager.Api.Core.csproj", "{E7CD29E5-2693-4E0E-B348-C6A5A91A5AB0}"
EndProject
Project("{9A19103F-16F7-4668-BE54-9A1E7A4F7556}") = "MoneyManager.Api.Infrastructure", "MoneyManager.Api.Infrastructure\MoneyManager.Api.Infrastructure.csproj", "{D598B807-CB1A-44AD-8F94-17E4F7CC46B3}"
EndProject
Project("{2150E333-8FDC-42A3-9474-1A3956D46DE8}") = "src", "src", "{C304A636-B0A0-4036-8599-1E2380EE14C4}"
EndProject
Project("{2150E333-8FDC-42A3-9474-1A3956D46DE8}") = "tests", "tests", "{5174F703-B317-41D2-96AA-AE0747A5963A}"
EndProject
Project("{FAE04EC0-301F-11D3-BF4B-00C04F79EFBC}") = "MoneyManager.IntegrationTests", "MoneyManager.IntegrationTests\MoneyManager.IntegrationTests.csproj", "{0AA93CFE-5B63-40BF-9FEF-A36FFBB3EE76}"
EndProject
Project("{FAE04EC0-301F-11D3-BF4B-00C04F79EFBC}") = "MoneyManager.UnitTests", "MoneyManager.UnitTests\MoneyManager.UnitTests.csproj", "{3E960E65-6F0B-47D5-9BC2-B2489C82EE75}"
EndProject
Global
	GlobalSection(SolutionConfigurationPlatforms) = preSolution
		Debug|Any CPU = Debug|Any CPU
		Release|Any CPU = Release|Any CPU
	EndGlobalSection
	GlobalSection(ProjectConfigurationPlatforms) = postSolution
		{7704D89E-BDD5-46BE-B9F7-694331207ABC}.Debug|Any CPU.ActiveCfg = Debug|Any CPU
		{7704D89E-BDD5-46BE-B9F7-694331207ABC}.Debug|Any CPU.Build.0 = Debug|Any CPU
		{7704D89E-BDD5-46BE-B9F7-694331207ABC}.Release|Any CPU.ActiveCfg = Release|Any CPU
		{7704D89E-BDD5-46BE-B9F7-694331207ABC}.Release|Any CPU.Build.0 = Release|Any CPU
		{E7CD29E5-2693-4E0E-B348-C6A5A91A5AB0}.Debug|Any CPU.ActiveCfg = Debug|Any CPU
		{E7CD29E5-2693-4E0E-B348-C6A5A91A5AB0}.Debug|Any CPU.Build.0 = Debug|Any CPU
		{E7CD29E5-2693-4E0E-B348-C6A5A91A5AB0}.Release|Any CPU.ActiveCfg = Release|Any CPU
		{E7CD29E5-2693-4E0E-B348-C6A5A91A5AB0}.Release|Any CPU.Build.0 = Release|Any CPU
		{D598B807-CB1A-44AD-8F94-17E4F7CC46B3}.Debug|Any CPU.ActiveCfg = Debug|Any CPU
		{D598B807-CB1A-44AD-8F94-17E4F7CC46B3}.Debug|Any CPU.Build.0 = Debug|Any CPU
		{D598B807-CB1A-44AD-8F94-17E4F7CC46B3}.Release|Any CPU.ActiveCfg = Release|Any CPU
		{D598B807-CB1A-44AD-8F94-17E4F7CC46B3}.Release|Any CPU.Build.0 = Release|Any CPU
		{0AA93CFE-5B63-40BF-9FEF-A36FFBB3EE76}.Debug|Any CPU.ActiveCfg = Debug|Any CPU
		{0AA93CFE-5B63-40BF-9FEF-A36FFBB3EE76}.Debug|Any CPU.Build.0 = Debug|Any CPU
		{0AA93CFE-5B63-40BF-9FEF-A36FFBB3EE76}.Release|Any CPU.ActiveCfg = Release|Any CPU
		{0AA93CFE-5B63-40BF-9FEF-A36FFBB3EE76}.Release|Any CPU.Build.0 = Release|Any CPU
		{3E960E65-6F0B-47D5-9BC2-B2489C82EE75}.Debug|Any CPU.ActiveCfg = Debug|Any CPU
		{3E960E65-6F0B-47D5-9BC2-B2489C82EE75}.Debug|Any CPU.Build.0 = Debug|Any CPU
		{3E960E65-6F0B-47D5-9BC2-B2489C82EE75}.Release|Any CPU.ActiveCfg = Release|Any CPU
		{3E960E65-6F0B-47D5-9BC2-B2489C82EE75}.Release|Any CPU.Build.0 = Release|Any CPU
	EndGlobalSection
	GlobalSection(SolutionProperties) = preSolution
		HideSolutionNode = FALSE
	EndGlobalSection
	GlobalSection(NestedProjects) = preSolution
		{7704D89E-BDD5-46BE-B9F7-694331207ABC} = {C304A636-B0A0-4036-8599-1E2380EE14C4}
		{E7CD29E5-2693-4E0E-B348-C6A5A91A5AB0} = {C304A636-B0A0-4036-8599-1E2380EE14C4}
		{D598B807-CB1A-44AD-8F94-17E4F7CC46B3} = {C304A636-B0A0-4036-8599-1E2380EE14C4}
		{0AA93CFE-5B63-40BF-9FEF-A36FFBB3EE76} = {5174F703-B317-41D2-96AA-AE0747A5963A}
		{3E960E65-6F0B-47D5-9BC2-B2489C82EE75} = {5174F703-B317-41D2-96AA-AE0747A5963A}
	EndGlobalSection
	GlobalSection(ExtensibilityGlobals) = postSolution
		SolutionGuid = {14A4EAC6-27EE-481A-8B58-E86B1B000054}
	EndGlobalSection
EndGlobal
